
Microsoft Visual Studio Solution File, Format Version 12.00
# Visual Studio 15
Project("{FAE04EC0-301F-11D3-BF4B-00C04F79EFBC}") = "Assembly-CSharp", "Assembly-CSharp.csproj", "{644ADAAF-0526-ACBD-6C21-8E7434CA596B}"
EndProject
Project("{FAE04EC0-301F-11D3-BF4B-00C04F79EFBC}") = "Assembly-CSharp-Editor", "Assembly-CSharp-Editor.csproj", "{16021BA2-DE20-11BD-67B0-287886B7144A}"
EndProject
Global
	GlobalSection(SolutionConfigurationPlatforms) = preSolution
		Debug|Any CPU = Debug|Any CPU
		Release|Any CPU = Release|Any CPU
	EndGlobalSection
	GlobalSection(ProjectConfigurationPlatforms) = postSolution
		{644ADAAF-0526-ACBD-6C21-8E7434CA596B}.Debug|Any CPU.ActiveCfg = Debug|Any CPU
		{644ADAAF-0526-ACBD-6C21-8E7434CA596B}.Debug|Any CPU.Build.0 = Debug|Any CPU
		{644ADAAF-0526-ACBD-6C21-8E7434CA596B}.Release|Any CPU.ActiveCfg = Release|Any CPU
		{644ADAAF-0526-ACBD-6C21-8E7434CA596B}.Release|Any CPU.Build.0 = Release|Any CPU
		{16021BA2-DE20-11BD-67B0-287886B7144A}.Debug|Any CPU.ActiveCfg = Debug|Any CPU
		{16021BA2-DE20-11BD-67B0-287886B7144A}.Debug|Any CPU.Build.0 = Debug|Any CPU
		{16021BA2-DE20-11BD-67B0-287886B7144A}.Release|Any CPU.ActiveCfg = Release|Any CPU
		{16021BA2-DE20-11BD-67B0-287886B7144A}.Release|Any CPU.Build.0 = Release|Any CPU
	EndGlobalSection
	GlobalSection(SolutionProperties) = preSolution
		HideSolutionNode = FALSE
	EndGlobalSection
EndGlobal
